// !$*UTF8*$!
{
	archiveVersion = 1;
	classes = {
	};
	objectVersion = 55;
	objects = {

/* Begin PBXBuildFile section */
		94102251289A6BB100421C0E /* WordViewController.swift in Sources */ = {isa = PBXBuildFile; fileRef = 94102250289A6BB100421C0E /* WordViewController.swift */; };
		9474241928A39F6A0056709B /* CoreDataStack.swift in Sources */ = {isa = PBXBuildFile; fileRef = 9474241828A39F6A0056709B /* CoreDataStack.swift */; };
		9474241B28A3A7B90056709B /* FavoriteWord.swift in Sources */ = {isa = PBXBuildFile; fileRef = 9474241A28A3A7B90056709B /* FavoriteWord.swift */; };
		9474241D28A3AB3C0056709B /* LocalDictionaryService.swift in Sources */ = {isa = PBXBuildFile; fileRef = 9474241C28A3AB3C0056709B /* LocalDictionaryService.swift */; };
		9474241F28A3EB9F0056709B /* ListSavedWordsViewController.swift in Sources */ = {isa = PBXBuildFile; fileRef = 9474241E28A3EB9F0056709B /* ListSavedWordsViewController.swift */; };
		9474242128A44AEC0056709B /* WordCellTableView.swift in Sources */ = {isa = PBXBuildFile; fileRef = 9474242028A44AEC0056709B /* WordCellTableView.swift */; };
		9474242328A44E120056709B /* ListSavedWordViewControllerExtension.swift in Sources */ = {isa = PBXBuildFile; fileRef = 9474242228A44E120056709B /* ListSavedWordViewControllerExtension.swift */; };
		94743B75289E9C2E00283548 /* WordTableViewCell.swift in Sources */ = {isa = PBXBuildFile; fileRef = 94743B74289E9C2E00283548 /* WordTableViewCell.swift */; };
		94743B77289EC15D00283548 /* SearchViewControllerExtension.swift in Sources */ = {isa = PBXBuildFile; fileRef = 94743B76289EC15D00283548 /* SearchViewControllerExtension.swift */; };
		947A764628A298C30049FE4D /* WordViewControllerExtension.swift in Sources */ = {isa = PBXBuildFile; fileRef = 947A764528A298C30049FE4D /* WordViewControllerExtension.swift */; };
		94A37CF828900CD600F92D80 /* AppDelegate.swift in Sources */ = {isa = PBXBuildFile; fileRef = 94A37CF728900CD600F92D80 /* AppDelegate.swift */; };
		94A37CFA28900CD600F92D80 /* SceneDelegate.swift in Sources */ = {isa = PBXBuildFile; fileRef = 94A37CF928900CD600F92D80 /* SceneDelegate.swift */; };
		94A37CFF28900CD600F92D80 /* Main.storyboard in Resources */ = {isa = PBXBuildFile; fileRef = 94A37CFD28900CD600F92D80 /* Main.storyboard */; };
		94A37D0228900CD600F92D80 /* Motamot.xcdatamodeld in Sources */ = {isa = PBXBuildFile; fileRef = 94A37D0028900CD600F92D80 /* Motamot.xcdatamodeld */; };
		94A37D0428900CD800F92D80 /* Assets.xcassets in Resources */ = {isa = PBXBuildFile; fileRef = 94A37D0328900CD800F92D80 /* Assets.xcassets */; };
		94A37D0728900CD800F92D80 /* LaunchScreen.storyboard in Resources */ = {isa = PBXBuildFile; fileRef = 94A37D0528900CD800F92D80 /* LaunchScreen.storyboard */; };
		94A37D3728900EF100F92D80 /* WigendaTypewrite-SemiBold.ttf in Resources */ = {isa = PBXBuildFile; fileRef = 94A37D3328900EF100F92D80 /* WigendaTypewrite-SemiBold.ttf */; };
		94A37D3828900EF100F92D80 /* WigendaTypewrite-Heavy.ttf in Resources */ = {isa = PBXBuildFile; fileRef = 94A37D3428900EF100F92D80 /* WigendaTypewrite-Heavy.ttf */; };
		94A37D3928900EF100F92D80 /* WigendaTypewrite-Bold.ttf in Resources */ = {isa = PBXBuildFile; fileRef = 94A37D3528900EF100F92D80 /* WigendaTypewrite-Bold.ttf */; };
		94A37D3A28900EF100F92D80 /* WigendaTypewrite.ttf in Resources */ = {isa = PBXBuildFile; fileRef = 94A37D3628900EF100F92D80 /* WigendaTypewrite.ttf */; };
		94A37D4028901A4700F92D80 /* SearchViewController.swift in Sources */ = {isa = PBXBuildFile; fileRef = 94A37D3F28901A4700F92D80 /* SearchViewController.swift */; };
		94A37D4228905CBC00F92D80 /* DictionaryService.swift in Sources */ = {isa = PBXBuildFile; fileRef = 94A37D4128905CBB00F92D80 /* DictionaryService.swift */; };
		94A37D4528905D0500F92D80 /* UIButtonExtension.swift in Sources */ = {isa = PBXBuildFile; fileRef = 94A37D4428905D0500F92D80 /* UIButtonExtension.swift */; };
		94A37D4828905DEB00F92D80 /* SearchProtocolDelegate.swift in Sources */ = {isa = PBXBuildFile; fileRef = 94A37D4728905DEB00F92D80 /* SearchProtocolDelegate.swift */; };
		94A37D4A289062E700F92D80 /* DictionaryServiceExtension.swift in Sources */ = {isa = PBXBuildFile; fileRef = 94A37D49289062E700F92D80 /* DictionaryServiceExtension.swift */; };
		94A37D4D289145ED00F92D80 /* DictionaryResponse.swift in Sources */ = {isa = PBXBuildFile; fileRef = 94A37D4C289145ED00F92D80 /* DictionaryResponse.swift */; };
		94A37D4F2891508800F92D80 /* URLSessionExtension.swift in Sources */ = {isa = PBXBuildFile; fileRef = 94A37D4E2891508800F92D80 /* URLSessionExtension.swift */; };
		94A37D512891528900F92D80 /* NetworkManager.swift in Sources */ = {isa = PBXBuildFile; fileRef = 94A37D502891528900F92D80 /* NetworkManager.swift */; };
		94A37D5428916DFF00F92D80 /* UrlType.swift in Sources */ = {isa = PBXBuildFile; fileRef = 94A37D5328916DFF00F92D80 /* UrlType.swift */; };
		94DA23A328A4ED5500FE062F /* SavedWordViewController.swift in Sources */ = {isa = PBXBuildFile; fileRef = 94DA23A228A4ED5500FE062F /* SavedWordViewController.swift */; };
		94DA23A528A4FCD200FE062F /* SavedWordViewControllerExtension.swift in Sources */ = {isa = PBXBuildFile; fileRef = 94DA23A428A4FCD200FE062F /* SavedWordViewControllerExtension.swift */; };
		94E2159028A64C8700EAAEAD /* DictionaryResponse.json in Resources */ = {isa = PBXBuildFile; fileRef = 94E2158F28A64C8700EAAEAD /* DictionaryResponse.json */; };
		94E2159228A64EF000EAAEAD /* FakeResponse.swift in Sources */ = {isa = PBXBuildFile; fileRef = 94E2159128A64EF000EAAEAD /* FakeResponse.swift */; };
		94E2159428A656CE00EAAEAD /* URLSessionFake.swift in Sources */ = {isa = PBXBuildFile; fileRef = 94E2159328A656CE00EAAEAD /* URLSessionFake.swift */; };
		94E2159628A66C8B00EAAEAD /* FakeCoreDataStack.swift in Sources */ = {isa = PBXBuildFile; fileRef = 94E2159528A66C8B00EAAEAD /* FakeCoreDataStack.swift */; };
		94E2159828A6715A00EAAEAD /* NetworkManagerTestCase.swift in Sources */ = {isa = PBXBuildFile; fileRef = 94E2159728A6715A00EAAEAD /* NetworkManagerTestCase.swift */; };
/* End PBXBuildFile section */

/* Begin PBXContainerItemProxy section */
		94A37D0E28900CD800F92D80 /* PBXContainerItemProxy */ = {
			isa = PBXContainerItemProxy;
			containerPortal = 94A37CEC28900CD600F92D80 /* Project object */;
			proxyType = 1;
			remoteGlobalIDString = 94A37CF328900CD600F92D80;
			remoteInfo = Motamot;
		};
/* End PBXContainerItemProxy section */

/* Begin PBXFileReference section */
		94102250289A6BB100421C0E /* WordViewController.swift */ = {isa = PBXFileReference; lastKnownFileType = sourcecode.swift; path = WordViewController.swift; sourceTree = "<group>"; };
		9474241828A39F6A0056709B /* CoreDataStack.swift */ = {isa = PBXFileReference; lastKnownFileType = sourcecode.swift; path = CoreDataStack.swift; sourceTree = "<group>"; };
		9474241A28A3A7B90056709B /* FavoriteWord.swift */ = {isa = PBXFileReference; lastKnownFileType = sourcecode.swift; path = FavoriteWord.swift; sourceTree = "<group>"; };
		9474241C28A3AB3C0056709B /* LocalDictionaryService.swift */ = {isa = PBXFileReference; lastKnownFileType = sourcecode.swift; path = LocalDictionaryService.swift; sourceTree = "<group>"; };
		9474241E28A3EB9F0056709B /* ListSavedWordsViewController.swift */ = {isa = PBXFileReference; lastKnownFileType = sourcecode.swift; path = ListSavedWordsViewController.swift; sourceTree = "<group>"; };
		9474242028A44AEC0056709B /* WordCellTableView.swift */ = {isa = PBXFileReference; lastKnownFileType = sourcecode.swift; path = WordCellTableView.swift; sourceTree = "<group>"; };
		9474242228A44E120056709B /* ListSavedWordViewControllerExtension.swift */ = {isa = PBXFileReference; lastKnownFileType = sourcecode.swift; path = ListSavedWordViewControllerExtension.swift; sourceTree = "<group>"; };
		94743B74289E9C2E00283548 /* WordTableViewCell.swift */ = {isa = PBXFileReference; lastKnownFileType = sourcecode.swift; path = WordTableViewCell.swift; sourceTree = "<group>"; };
		94743B76289EC15D00283548 /* SearchViewControllerExtension.swift */ = {isa = PBXFileReference; lastKnownFileType = sourcecode.swift; path = SearchViewControllerExtension.swift; sourceTree = "<group>"; };
		947A764528A298C30049FE4D /* WordViewControllerExtension.swift */ = {isa = PBXFileReference; lastKnownFileType = sourcecode.swift; path = WordViewControllerExtension.swift; sourceTree = "<group>"; };
		94A37CF428900CD600F92D80 /* Motamot.app */ = {isa = PBXFileReference; explicitFileType = wrapper.application; includeInIndex = 0; path = Motamot.app; sourceTree = BUILT_PRODUCTS_DIR; };
		94A37CF728900CD600F92D80 /* AppDelegate.swift */ = {isa = PBXFileReference; lastKnownFileType = sourcecode.swift; path = AppDelegate.swift; sourceTree = "<group>"; };
		94A37CF928900CD600F92D80 /* SceneDelegate.swift */ = {isa = PBXFileReference; lastKnownFileType = sourcecode.swift; path = SceneDelegate.swift; sourceTree = "<group>"; };
		94A37CFE28900CD600F92D80 /* Base */ = {isa = PBXFileReference; lastKnownFileType = file.storyboard; name = Base; path = Base.lproj/Main.storyboard; sourceTree = "<group>"; };
		94A37D0128900CD600F92D80 /* Motamot.xcdatamodel */ = {isa = PBXFileReference; lastKnownFileType = wrapper.xcdatamodel; path = Motamot.xcdatamodel; sourceTree = "<group>"; };
		94A37D0328900CD800F92D80 /* Assets.xcassets */ = {isa = PBXFileReference; lastKnownFileType = folder.assetcatalog; path = Assets.xcassets; sourceTree = "<group>"; };
		94A37D0628900CD800F92D80 /* Base */ = {isa = PBXFileReference; lastKnownFileType = file.storyboard; name = Base; path = Base.lproj/LaunchScreen.storyboard; sourceTree = "<group>"; };
		94A37D0828900CD800F92D80 /* Info.plist */ = {isa = PBXFileReference; lastKnownFileType = text.plist.xml; path = Info.plist; sourceTree = "<group>"; };
		94A37D0D28900CD800F92D80 /* MotamotTests.xctest */ = {isa = PBXFileReference; explicitFileType = wrapper.cfbundle; includeInIndex = 0; path = MotamotTests.xctest; sourceTree = BUILT_PRODUCTS_DIR; };
		94A37D3328900EF100F92D80 /* WigendaTypewrite-SemiBold.ttf */ = {isa = PBXFileReference; lastKnownFileType = file; path = "WigendaTypewrite-SemiBold.ttf"; sourceTree = "<group>"; };
		94A37D3428900EF100F92D80 /* WigendaTypewrite-Heavy.ttf */ = {isa = PBXFileReference; lastKnownFileType = file; path = "WigendaTypewrite-Heavy.ttf"; sourceTree = "<group>"; };
		94A37D3528900EF100F92D80 /* WigendaTypewrite-Bold.ttf */ = {isa = PBXFileReference; lastKnownFileType = file; path = "WigendaTypewrite-Bold.ttf"; sourceTree = "<group>"; };
		94A37D3628900EF100F92D80 /* WigendaTypewrite.ttf */ = {isa = PBXFileReference; lastKnownFileType = file; path = WigendaTypewrite.ttf; sourceTree = "<group>"; };
		94A37D3F28901A4700F92D80 /* SearchViewController.swift */ = {isa = PBXFileReference; lastKnownFileType = sourcecode.swift; path = SearchViewController.swift; sourceTree = "<group>"; };
		94A37D4128905CBB00F92D80 /* DictionaryService.swift */ = {isa = PBXFileReference; lastKnownFileType = sourcecode.swift; path = DictionaryService.swift; sourceTree = "<group>"; };
		94A37D4428905D0500F92D80 /* UIButtonExtension.swift */ = {isa = PBXFileReference; lastKnownFileType = sourcecode.swift; path = UIButtonExtension.swift; sourceTree = "<group>"; };
		94A37D4728905DEB00F92D80 /* SearchProtocolDelegate.swift */ = {isa = PBXFileReference; lastKnownFileType = sourcecode.swift; path = SearchProtocolDelegate.swift; sourceTree = "<group>"; };
		94A37D49289062E700F92D80 /* DictionaryServiceExtension.swift */ = {isa = PBXFileReference; lastKnownFileType = sourcecode.swift; path = DictionaryServiceExtension.swift; sourceTree = "<group>"; };
		94A37D4C289145ED00F92D80 /* DictionaryResponse.swift */ = {isa = PBXFileReference; lastKnownFileType = sourcecode.swift; path = DictionaryResponse.swift; sourceTree = "<group>"; };
		94A37D4E2891508800F92D80 /* URLSessionExtension.swift */ = {isa = PBXFileReference; lastKnownFileType = sourcecode.swift; path = URLSessionExtension.swift; sourceTree = "<group>"; };
		94A37D502891528900F92D80 /* NetworkManager.swift */ = {isa = PBXFileReference; lastKnownFileType = sourcecode.swift; path = NetworkManager.swift; sourceTree = "<group>"; };
		94A37D5328916DFF00F92D80 /* UrlType.swift */ = {isa = PBXFileReference; lastKnownFileType = sourcecode.swift; path = UrlType.swift; sourceTree = "<group>"; };
		94DA23A228A4ED5500FE062F /* SavedWordViewController.swift */ = {isa = PBXFileReference; lastKnownFileType = sourcecode.swift; path = SavedWordViewController.swift; sourceTree = "<group>"; };
		94DA23A428A4FCD200FE062F /* SavedWordViewControllerExtension.swift */ = {isa = PBXFileReference; lastKnownFileType = sourcecode.swift; path = SavedWordViewControllerExtension.swift; sourceTree = "<group>"; };
		94E2158F28A64C8700EAAEAD /* DictionaryResponse.json */ = {isa = PBXFileReference; lastKnownFileType = text.json; path = DictionaryResponse.json; sourceTree = "<group>"; };
		94E2159128A64EF000EAAEAD /* FakeResponse.swift */ = {isa = PBXFileReference; lastKnownFileType = sourcecode.swift; path = FakeResponse.swift; sourceTree = "<group>"; };
		94E2159328A656CE00EAAEAD /* URLSessionFake.swift */ = {isa = PBXFileReference; lastKnownFileType = sourcecode.swift; path = URLSessionFake.swift; sourceTree = "<group>"; };
		94E2159528A66C8B00EAAEAD /* FakeCoreDataStack.swift */ = {isa = PBXFileReference; lastKnownFileType = sourcecode.swift; path = FakeCoreDataStack.swift; sourceTree = "<group>"; };
		94E2159728A6715A00EAAEAD /* NetworkManagerTestCase.swift */ = {isa = PBXFileReference; lastKnownFileType = sourcecode.swift; path = NetworkManagerTestCase.swift; sourceTree = "<group>"; };
/* End PBXFileReference section */

/* Begin PBXFrameworksBuildPhase section */
		94A37CF128900CD600F92D80 /* Frameworks */ = {
			isa = PBXFrameworksBuildPhase;
			buildActionMask = 2147483647;
			files = (
			);
			runOnlyForDeploymentPostprocessing = 0;
		};
		94A37D0A28900CD800F92D80 /* Frameworks */ = {
			isa = PBXFrameworksBuildPhase;
			buildActionMask = 2147483647;
			files = (
			);
			runOnlyForDeploymentPostprocessing = 0;
		};
/* End PBXFrameworksBuildPhase section */

/* Begin PBXGroup section */
		9474241728A39F4F0056709B /* CoreData */ = {
			isa = PBXGroup;
			children = (
				94A37D0028900CD600F92D80 /* Motamot.xcdatamodeld */,
				9474241828A39F6A0056709B /* CoreDataStack.swift */,
				9474241A28A3A7B90056709B /* FavoriteWord.swift */,
			);
			path = CoreData;
			sourceTree = "<group>";
		};
		94A37CEB28900CD600F92D80 = {
			isa = PBXGroup;
			children = (
				94A37CF628900CD600F92D80 /* Motamot */,
				94A37D1028900CD800F92D80 /* MotamotTests */,
				94A37CF528900CD600F92D80 /* Products */,
			);
			sourceTree = "<group>";
		};
		94A37CF528900CD600F92D80 /* Products */ = {
			isa = PBXGroup;
			children = (
				94A37CF428900CD600F92D80 /* Motamot.app */,
				94A37D0D28900CD800F92D80 /* MotamotTests.xctest */,
			);
			name = Products;
			sourceTree = "<group>";
		};
		94A37CF628900CD600F92D80 /* Motamot */ = {
			isa = PBXGroup;
			children = (
				94A37D5228916DBA00F92D80 /* Enums */,
				94A37D4B289145CB00F92D80 /* Structures */,
				94A37D4628905DCE00F92D80 /* Protocols */,
				94A37D4328905CD800F92D80 /* Extensions */,
				94A37D3E289018F300F92D80 /* Model */,
				94A37D3D289018E400F92D80 /* Controller */,
				94A37D3C289018C300F92D80 /* View */,
				94A37D3228900DD000F92D80 /* Fonts */,
				94A37CF728900CD600F92D80 /* AppDelegate.swift */,
				94A37CF928900CD600F92D80 /* SceneDelegate.swift */,
				94A37D0828900CD800F92D80 /* Info.plist */,
			);
			path = Motamot;
			sourceTree = "<group>";
		};
		94A37D1028900CD800F92D80 /* MotamotTests */ = {
			isa = PBXGroup;
			children = (
				94E2158E28A64B7F00EAAEAD /* Resources */,
				94E2159728A6715A00EAAEAD /* NetworkManagerTestCase.swift */,
			);
			path = MotamotTests;
			sourceTree = "<group>";
		};
		94A37D3228900DD000F92D80 /* Fonts */ = {
			isa = PBXGroup;
			children = (
				94A37D3528900EF100F92D80 /* WigendaTypewrite-Bold.ttf */,
				94A37D3428900EF100F92D80 /* WigendaTypewrite-Heavy.ttf */,
				94A37D3328900EF100F92D80 /* WigendaTypewrite-SemiBold.ttf */,
				94A37D3628900EF100F92D80 /* WigendaTypewrite.ttf */,
			);
			path = Fonts;
			sourceTree = "<group>";
		};
		94A37D3C289018C300F92D80 /* View */ = {
			isa = PBXGroup;
			children = (
				94A37CFD28900CD600F92D80 /* Main.storyboard */,
				94A37D0328900CD800F92D80 /* Assets.xcassets */,
				94A37D0528900CD800F92D80 /* LaunchScreen.storyboard */,
				94743B74289E9C2E00283548 /* WordTableViewCell.swift */,
				9474242028A44AEC0056709B /* WordCellTableView.swift */,
			);
			path = View;
			sourceTree = "<group>";
		};
		94A37D3D289018E400F92D80 /* Controller */ = {
			isa = PBXGroup;
			children = (
				94A37D3F28901A4700F92D80 /* SearchViewController.swift */,
				94102250289A6BB100421C0E /* WordViewController.swift */,
				9474241E28A3EB9F0056709B /* ListSavedWordsViewController.swift */,
				94DA23A228A4ED5500FE062F /* SavedWordViewController.swift */,
			);
			path = Controller;
			sourceTree = "<group>";
		};
		94A37D3E289018F300F92D80 /* Model */ = {
			isa = PBXGroup;
			children = (
				9474241728A39F4F0056709B /* CoreData */,
				94A37D502891528900F92D80 /* NetworkManager.swift */,
				94A37D4128905CBB00F92D80 /* DictionaryService.swift */,
				9474241C28A3AB3C0056709B /* LocalDictionaryService.swift */,
			);
			path = Model;
			sourceTree = "<group>";
		};
		94A37D4328905CD800F92D80 /* Extensions */ = {
			isa = PBXGroup;
			children = (
				94A37D4428905D0500F92D80 /* UIButtonExtension.swift */,
				94A37D49289062E700F92D80 /* DictionaryServiceExtension.swift */,
				94A37D4E2891508800F92D80 /* URLSessionExtension.swift */,
				94743B76289EC15D00283548 /* SearchViewControllerExtension.swift */,
				947A764528A298C30049FE4D /* WordViewControllerExtension.swift */,
				9474242228A44E120056709B /* ListSavedWordViewControllerExtension.swift */,
				94DA23A428A4FCD200FE062F /* SavedWordViewControllerExtension.swift */,
			);
			path = Extensions;
			sourceTree = "<group>";
		};
		94A37D4628905DCE00F92D80 /* Protocols */ = {
			isa = PBXGroup;
			children = (
				94A37D4728905DEB00F92D80 /* SearchProtocolDelegate.swift */,
			);
			path = Protocols;
			sourceTree = "<group>";
		};
		94A37D4B289145CB00F92D80 /* Structures */ = {
			isa = PBXGroup;
			children = (
				94A37D4C289145ED00F92D80 /* DictionaryResponse.swift */,
			);
			path = Structures;
			sourceTree = "<group>";
		};
		94A37D5228916DBA00F92D80 /* Enums */ = {
			isa = PBXGroup;
			children = (
				94A37D5328916DFF00F92D80 /* UrlType.swift */,
			);
			path = Enums;
			sourceTree = "<group>";
		};
		94E2158E28A64B7F00EAAEAD /* Resources */ = {
			isa = PBXGroup;
			children = (
				94E2159128A64EF000EAAEAD /* FakeResponse.swift */,
				94E2159328A656CE00EAAEAD /* URLSessionFake.swift */,
				94E2159528A66C8B00EAAEAD /* FakeCoreDataStack.swift */,
				94E2158F28A64C8700EAAEAD /* DictionaryResponse.json */,
			);
			path = Resources;
			sourceTree = "<group>";
		};
/* End PBXGroup section */

/* Begin PBXNativeTarget section */
		94A37CF328900CD600F92D80 /* Motamot */ = {
			isa = PBXNativeTarget;
			buildConfigurationList = 94A37D2128900CD800F92D80 /* Build configuration list for PBXNativeTarget "Motamot" */;
			buildPhases = (
				94A37CF028900CD600F92D80 /* Sources */,
				94A37CF128900CD600F92D80 /* Frameworks */,
				94A37CF228900CD600F92D80 /* Resources */,
			);
			buildRules = (
			);
			dependencies = (
			);
			name = Motamot;
			productName = Motamot;
			productReference = 94A37CF428900CD600F92D80 /* Motamot.app */;
			productType = "com.apple.product-type.application";
		};
		94A37D0C28900CD800F92D80 /* MotamotTests */ = {
			isa = PBXNativeTarget;
			buildConfigurationList = 94A37D2428900CD800F92D80 /* Build configuration list for PBXNativeTarget "MotamotTests" */;
			buildPhases = (
				94A37D0928900CD800F92D80 /* Sources */,
				94A37D0A28900CD800F92D80 /* Frameworks */,
				94A37D0B28900CD800F92D80 /* Resources */,
			);
			buildRules = (
			);
			dependencies = (
				94A37D0F28900CD800F92D80 /* PBXTargetDependency */,
			);
			name = MotamotTests;
			productName = MotamotTests;
			productReference = 94A37D0D28900CD800F92D80 /* MotamotTests.xctest */;
			productType = "com.apple.product-type.bundle.unit-test";
		};
/* End PBXNativeTarget section */

/* Begin PBXProject section */
		94A37CEC28900CD600F92D80 /* Project object */ = {
			isa = PBXProject;
			attributes = {
				BuildIndependentTargetsInParallel = 1;
				LastSwiftUpdateCheck = 1340;
				LastUpgradeCheck = 1340;
				TargetAttributes = {
					94A37CF328900CD600F92D80 = {
						CreatedOnToolsVersion = 13.4.1;
					};
					94A37D0C28900CD800F92D80 = {
						CreatedOnToolsVersion = 13.4.1;
						TestTargetID = 94A37CF328900CD600F92D80;
					};
				};
			};
			buildConfigurationList = 94A37CEF28900CD600F92D80 /* Build configuration list for PBXProject "Motamot" */;
			compatibilityVersion = "Xcode 13.0";
			developmentRegion = en;
			hasScannedForEncodings = 0;
			knownRegions = (
				en,
				Base,
			);
			mainGroup = 94A37CEB28900CD600F92D80;
			productRefGroup = 94A37CF528900CD600F92D80 /* Products */;
			projectDirPath = "";
			projectRoot = "";
			targets = (
				94A37CF328900CD600F92D80 /* Motamot */,
				94A37D0C28900CD800F92D80 /* MotamotTests */,
			);
		};
/* End PBXProject section */

/* Begin PBXResourcesBuildPhase section */
		94A37CF228900CD600F92D80 /* Resources */ = {
			isa = PBXResourcesBuildPhase;
			buildActionMask = 2147483647;
			files = (
				94A37D0728900CD800F92D80 /* LaunchScreen.storyboard in Resources */,
				94A37D3728900EF100F92D80 /* WigendaTypewrite-SemiBold.ttf in Resources */,
				94A37D0428900CD800F92D80 /* Assets.xcassets in Resources */,
				94A37D3A28900EF100F92D80 /* WigendaTypewrite.ttf in Resources */,
				94A37D3928900EF100F92D80 /* WigendaTypewrite-Bold.ttf in Resources */,
				94A37CFF28900CD600F92D80 /* Main.storyboard in Resources */,
				94A37D3828900EF100F92D80 /* WigendaTypewrite-Heavy.ttf in Resources */,
			);
			runOnlyForDeploymentPostprocessing = 0;
		};
		94A37D0B28900CD800F92D80 /* Resources */ = {
			isa = PBXResourcesBuildPhase;
			buildActionMask = 2147483647;
			files = (
				94E2159028A64C8700EAAEAD /* DictionaryResponse.json in Resources */,
			);
			runOnlyForDeploymentPostprocessing = 0;
		};
/* End PBXResourcesBuildPhase section */

/* Begin PBXSourcesBuildPhase section */
		94A37CF028900CD600F92D80 /* Sources */ = {
			isa = PBXSourcesBuildPhase;
			buildActionMask = 2147483647;
			files = (
				94A37D4F2891508800F92D80 /* URLSessionExtension.swift in Sources */,
				94A37D5428916DFF00F92D80 /* UrlType.swift in Sources */,
				94A37D4028901A4700F92D80 /* SearchViewController.swift in Sources */,
				9474242128A44AEC0056709B /* WordCellTableView.swift in Sources */,
				94DA23A528A4FCD200FE062F /* SavedWordViewControllerExtension.swift in Sources */,
				94743B77289EC15D00283548 /* SearchViewControllerExtension.swift in Sources */,
				94102251289A6BB100421C0E /* WordViewController.swift in Sources */,
				94A37D0228900CD600F92D80 /* Motamot.xcdatamodeld in Sources */,
				9474241F28A3EB9F0056709B /* ListSavedWordsViewController.swift in Sources */,
				94A37D4228905CBC00F92D80 /* DictionaryService.swift in Sources */,
				94A37D512891528900F92D80 /* NetworkManager.swift in Sources */,
				94A37CF828900CD600F92D80 /* AppDelegate.swift in Sources */,
				94A37CFA28900CD600F92D80 /* SceneDelegate.swift in Sources */,
				94A37D4828905DEB00F92D80 /* SearchProtocolDelegate.swift in Sources */,
				94A37D4A289062E700F92D80 /* DictionaryServiceExtension.swift in Sources */,
				9474241928A39F6A0056709B /* CoreDataStack.swift in Sources */,
				94DA23A328A4ED5500FE062F /* SavedWordViewController.swift in Sources */,
				947A764628A298C30049FE4D /* WordViewControllerExtension.swift in Sources */,
				94743B75289E9C2E00283548 /* WordTableViewCell.swift in Sources */,
				94A37D4D289145ED00F92D80 /* DictionaryResponse.swift in Sources */,
				9474241D28A3AB3C0056709B /* LocalDictionaryService.swift in Sources */,
				94A37D4528905D0500F92D80 /* UIButtonExtension.swift in Sources */,
				9474242328A44E120056709B /* ListSavedWordViewControllerExtension.swift in Sources */,
				9474241B28A3A7B90056709B /* FavoriteWord.swift in Sources */,
			);
			runOnlyForDeploymentPostprocessing = 0;
		};
		94A37D0928900CD800F92D80 /* Sources */ = {
			isa = PBXSourcesBuildPhase;
			buildActionMask = 2147483647;
			files = (
				94E2159828A6715A00EAAEAD /* NetworkManagerTestCase.swift in Sources */,
				94E2159428A656CE00EAAEAD /* URLSessionFake.swift in Sources */,
				94E2159628A66C8B00EAAEAD /* FakeCoreDataStack.swift in Sources */,
				94E2159228A64EF000EAAEAD /* FakeResponse.swift in Sources */,
			);
			runOnlyForDeploymentPostprocessing = 0;
		};
/* End PBXSourcesBuildPhase section */

/* Begin PBXTargetDependency section */
		94A37D0F28900CD800F92D80 /* PBXTargetDependency */ = {
			isa = PBXTargetDependency;
			target = 94A37CF328900CD600F92D80 /* Motamot */;
			targetProxy = 94A37D0E28900CD800F92D80 /* PBXContainerItemProxy */;
		};
/* End PBXTargetDependency section */

/* Begin PBXVariantGroup section */
		94A37CFD28900CD600F92D80 /* Main.storyboard */ = {
			isa = PBXVariantGroup;
			children = (
				94A37CFE28900CD600F92D80 /* Base */,
			);
			name = Main.storyboard;
			sourceTree = "<group>";
		};
		94A37D0528900CD800F92D80 /* LaunchScreen.storyboard */ = {
			isa = PBXVariantGroup;
			children = (
				94A37D0628900CD800F92D80 /* Base */,
			);
			name = LaunchScreen.storyboard;
			sourceTree = "<group>";
		};
/* End PBXVariantGroup section */

/* Begin XCBuildConfiguration section */
		94A37D1F28900CD800F92D80 /* Debug */ = {
			isa = XCBuildConfiguration;
			buildSettings = {
				ALWAYS_SEARCH_USER_PATHS = NO;
				CLANG_ANALYZER_NONNULL = YES;
				CLANG_ANALYZER_NUMBER_OBJECT_CONVERSION = YES_AGGRESSIVE;
				CLANG_CXX_LANGUAGE_STANDARD = "gnu++17";
				CLANG_ENABLE_MODULES = YES;
				CLANG_ENABLE_OBJC_ARC = YES;
				CLANG_ENABLE_OBJC_WEAK = YES;
				CLANG_WARN_BLOCK_CAPTURE_AUTORELEASING = YES;
				CLANG_WARN_BOOL_CONVERSION = YES;
				CLANG_WARN_COMMA = YES;
				CLANG_WARN_CONSTANT_CONVERSION = YES;
				CLANG_WARN_DEPRECATED_OBJC_IMPLEMENTATIONS = YES;
				CLANG_WARN_DIRECT_OBJC_ISA_USAGE = YES_ERROR;
				CLANG_WARN_DOCUMENTATION_COMMENTS = YES;
				CLANG_WARN_EMPTY_BODY = YES;
				CLANG_WARN_ENUM_CONVERSION = YES;
				CLANG_WARN_INFINITE_RECURSION = YES;
				CLANG_WARN_INT_CONVERSION = YES;
				CLANG_WARN_NON_LITERAL_NULL_CONVERSION = YES;
				CLANG_WARN_OBJC_IMPLICIT_RETAIN_SELF = YES;
				CLANG_WARN_OBJC_LITERAL_CONVERSION = YES;
				CLANG_WARN_OBJC_ROOT_CLASS = YES_ERROR;
				CLANG_WARN_QUOTED_INCLUDE_IN_FRAMEWORK_HEADER = YES;
				CLANG_WARN_RANGE_LOOP_ANALYSIS = YES;
				CLANG_WARN_STRICT_PROTOTYPES = YES;
				CLANG_WARN_SUSPICIOUS_MOVE = YES;
				CLANG_WARN_UNGUARDED_AVAILABILITY = YES_AGGRESSIVE;
				CLANG_WARN_UNREACHABLE_CODE = YES;
				CLANG_WARN__DUPLICATE_METHOD_MATCH = YES;
				COPY_PHASE_STRIP = NO;
				DEBUG_INFORMATION_FORMAT = dwarf;
				ENABLE_STRICT_OBJC_MSGSEND = YES;
				ENABLE_TESTABILITY = YES;
				GCC_C_LANGUAGE_STANDARD = gnu11;
				GCC_DYNAMIC_NO_PIC = NO;
				GCC_NO_COMMON_BLOCKS = YES;
				GCC_OPTIMIZATION_LEVEL = 0;
				GCC_PREPROCESSOR_DEFINITIONS = (
					"DEBUG=1",
					"$(inherited)",
				);
				GCC_WARN_64_TO_32_BIT_CONVERSION = YES;
				GCC_WARN_ABOUT_RETURN_TYPE = YES_ERROR;
				GCC_WARN_UNDECLARED_SELECTOR = YES;
				GCC_WARN_UNINITIALIZED_AUTOS = YES_AGGRESSIVE;
				GCC_WARN_UNUSED_FUNCTION = YES;
				GCC_WARN_UNUSED_VARIABLE = YES;
				IPHONEOS_DEPLOYMENT_TARGET = 15.5;
				MTL_ENABLE_DEBUG_INFO = INCLUDE_SOURCE;
				MTL_FAST_MATH = YES;
				ONLY_ACTIVE_ARCH = YES;
				SDKROOT = iphoneos;
				SWIFT_ACTIVE_COMPILATION_CONDITIONS = DEBUG;
				SWIFT_OPTIMIZATION_LEVEL = "-Onone";
			};
			name = Debug;
		};
		94A37D2028900CD800F92D80 /* Release */ = {
			isa = XCBuildConfiguration;
			buildSettings = {
				ALWAYS_SEARCH_USER_PATHS = NO;
				CLANG_ANALYZER_NONNULL = YES;
				CLANG_ANALYZER_NUMBER_OBJECT_CONVERSION = YES_AGGRESSIVE;
				CLANG_CXX_LANGUAGE_STANDARD = "gnu++17";
				CLANG_ENABLE_MODULES = YES;
				CLANG_ENABLE_OBJC_ARC = YES;
				CLANG_ENABLE_OBJC_WEAK = YES;
				CLANG_WARN_BLOCK_CAPTURE_AUTORELEASING = YES;
				CLANG_WARN_BOOL_CONVERSION = YES;
				CLANG_WARN_COMMA = YES;
				CLANG_WARN_CONSTANT_CONVERSION = YES;
				CLANG_WARN_DEPRECATED_OBJC_IMPLEMENTATIONS = YES;
				CLANG_WARN_DIRECT_OBJC_ISA_USAGE = YES_ERROR;
				CLANG_WARN_DOCUMENTATION_COMMENTS = YES;
				CLANG_WARN_EMPTY_BODY = YES;
				CLANG_WARN_ENUM_CONVERSION = YES;
				CLANG_WARN_INFINITE_RECURSION = YES;
				CLANG_WARN_INT_CONVERSION = YES;
				CLANG_WARN_NON_LITERAL_NULL_CONVERSION = YES;
				CLANG_WARN_OBJC_IMPLICIT_RETAIN_SELF = YES;
				CLANG_WARN_OBJC_LITERAL_CONVERSION = YES;
				CLANG_WARN_OBJC_ROOT_CLASS = YES_ERROR;
				CLANG_WARN_QUOTED_INCLUDE_IN_FRAMEWORK_HEADER = YES;
				CLANG_WARN_RANGE_LOOP_ANALYSIS = YES;
				CLANG_WARN_STRICT_PROTOTYPES = YES;
				CLANG_WARN_SUSPICIOUS_MOVE = YES;
				CLANG_WARN_UNGUARDED_AVAILABILITY = YES_AGGRESSIVE;
				CLANG_WARN_UNREACHABLE_CODE = YES;
				CLANG_WARN__DUPLICATE_METHOD_MATCH = YES;
				COPY_PHASE_STRIP = NO;
				DEBUG_INFORMATION_FORMAT = "dwarf-with-dsym";
				ENABLE_NS_ASSERTIONS = NO;
				ENABLE_STRICT_OBJC_MSGSEND = YES;
				GCC_C_LANGUAGE_STANDARD = gnu11;
				GCC_NO_COMMON_BLOCKS = YES;
				GCC_WARN_64_TO_32_BIT_CONVERSION = YES;
				GCC_WARN_ABOUT_RETURN_TYPE = YES_ERROR;
				GCC_WARN_UNDECLARED_SELECTOR = YES;
				GCC_WARN_UNINITIALIZED_AUTOS = YES_AGGRESSIVE;
				GCC_WARN_UNUSED_FUNCTION = YES;
				GCC_WARN_UNUSED_VARIABLE = YES;
				IPHONEOS_DEPLOYMENT_TARGET = 15.5;
				MTL_ENABLE_DEBUG_INFO = NO;
				MTL_FAST_MATH = YES;
				SDKROOT = iphoneos;
				SWIFT_COMPILATION_MODE = wholemodule;
				SWIFT_OPTIMIZATION_LEVEL = "-O";
				VALIDATE_PRODUCT = YES;
			};
			name = Release;
		};
		94A37D2228900CD800F92D80 /* Debug */ = {
			isa = XCBuildConfiguration;
			buildSettings = {
				ASSETCATALOG_COMPILER_APPICON_NAME = AppIcon;
				ASSETCATALOG_COMPILER_GLOBAL_ACCENT_COLOR_NAME = AccentColor;
				CODE_SIGN_STYLE = Automatic;
				CURRENT_PROJECT_VERSION = 1;
				DEVELOPMENT_TEAM = QD45F7JUWF;
				GENERATE_INFOPLIST_FILE = YES;
				INFOPLIST_FILE = Motamot/Info.plist;
				INFOPLIST_KEY_UIApplicationSupportsIndirectInputEvents = YES;
				INFOPLIST_KEY_UILaunchStoryboardName = LaunchScreen;
				INFOPLIST_KEY_UIMainStoryboardFile = Main;
				INFOPLIST_KEY_UISupportedInterfaceOrientations = UIInterfaceOrientationPortrait;
				INFOPLIST_KEY_UISupportedInterfaceOrientations_iPad = "UIInterfaceOrientationPortrait UIInterfaceOrientationPortraitUpsideDown UIInterfaceOrientationLandscapeLeft UIInterfaceOrientationLandscapeRight";
				INFOPLIST_KEY_UISupportedInterfaceOrientations_iPhone = "UIInterfaceOrientationPortrait UIInterfaceOrientationLandscapeLeft UIInterfaceOrientationLandscapeRight";
				IPHONEOS_DEPLOYMENT_TARGET = 13.0;
				LD_RUNPATH_SEARCH_PATHS = (
					"$(inherited)",
					"@executable_path/Frameworks",
				);
				MARKETING_VERSION = 1.0;
				PRODUCT_BUNDLE_IDENTIFIER = com.ernestoaquino.Motamot;
				PRODUCT_NAME = "$(TARGET_NAME)";
				SWIFT_EMIT_LOC_STRINGS = YES;
				SWIFT_VERSION = 5.0;
				TARGETED_DEVICE_FAMILY = 1;
			};
			name = Debug;
		};
		94A37D2328900CD800F92D80 /* Release */ = {
			isa = XCBuildConfiguration;
			buildSettings = {
				ASSETCATALOG_COMPILER_APPICON_NAME = AppIcon;
				ASSETCATALOG_COMPILER_GLOBAL_ACCENT_COLOR_NAME = AccentColor;
				CODE_SIGN_STYLE = Automatic;
				CURRENT_PROJECT_VERSION = 1;
				DEVELOPMENT_TEAM = QD45F7JUWF;
				GENERATE_INFOPLIST_FILE = YES;
				INFOPLIST_FILE = Motamot/Info.plist;
				INFOPLIST_KEY_UIApplicationSupportsIndirectInputEvents = YES;
				INFOPLIST_KEY_UILaunchStoryboardName = LaunchScreen;
				INFOPLIST_KEY_UIMainStoryboardFile = Main;
				INFOPLIST_KEY_UISupportedInterfaceOrientations = UIInterfaceOrientationPortrait;
				INFOPLIST_KEY_UISupportedInterfaceOrientations_iPad = "UIInterfaceOrientationPortrait UIInterfaceOrientationPortraitUpsideDown UIInterfaceOrientationLandscapeLeft UIInterfaceOrientationLandscapeRight";
				INFOPLIST_KEY_UISupportedInterfaceOrientations_iPhone = "UIInterfaceOrientationPortrait UIInterfaceOrientationLandscapeLeft UIInterfaceOrientationLandscapeRight";
				IPHONEOS_DEPLOYMENT_TARGET = 13.0;
				LD_RUNPATH_SEARCH_PATHS = (
					"$(inherited)",
					"@executable_path/Frameworks",
				);
				MARKETING_VERSION = 1.0;
				PRODUCT_BUNDLE_IDENTIFIER = com.ernestoaquino.Motamot;
				PRODUCT_NAME = "$(TARGET_NAME)";
				SWIFT_EMIT_LOC_STRINGS = YES;
				SWIFT_VERSION = 5.0;
				TARGETED_DEVICE_FAMILY = 1;
			};
			name = Release;
		};
		94A37D2528900CD800F92D80 /* Debug */ = {
			isa = XCBuildConfiguration;
			buildSettings = {
				ALWAYS_EMBED_SWIFT_STANDARD_LIBRARIES = YES;
				BUNDLE_LOADER = "$(TEST_HOST)";
				CODE_SIGN_STYLE = Automatic;
				CURRENT_PROJECT_VERSION = 1;
				DEVELOPMENT_TEAM = QD45F7JUWF;
				GENERATE_INFOPLIST_FILE = YES;
				IPHONEOS_DEPLOYMENT_TARGET = 15.5;
				MARKETING_VERSION = 1.0;
				PRODUCT_BUNDLE_IDENTIFIER = com.ernestoaquino.MotamotTests;
				PRODUCT_NAME = "$(TARGET_NAME)";
				SWIFT_EMIT_LOC_STRINGS = NO;
				SWIFT_VERSION = 5.0;
				TARGETED_DEVICE_FAMILY = "1,2";
				TEST_HOST = "$(BUILT_PRODUCTS_DIR)/Motamot.app/Motamot";
			};
			name = Debug;
		};
		94A37D2628900CD800F92D80 /* Release */ = {
			isa = XCBuildConfiguration;
			buildSettings = {
				ALWAYS_EMBED_SWIFT_STANDARD_LIBRARIES = YES;
				BUNDLE_LOADER = "$(TEST_HOST)";
				CODE_SIGN_STYLE = Automatic;
				CURRENT_PROJECT_VERSION = 1;
				DEVELOPMENT_TEAM = QD45F7JUWF;
				GENERATE_INFOPLIST_FILE = YES;
				IPHONEOS_DEPLOYMENT_TARGET = 15.5;
				MARKETING_VERSION = 1.0;
				PRODUCT_BUNDLE_IDENTIFIER = com.ernestoaquino.MotamotTests;
				PRODUCT_NAME = "$(TARGET_NAME)";
				SWIFT_EMIT_LOC_STRINGS = NO;
				SWIFT_VERSION = 5.0;
				TARGETED_DEVICE_FAMILY = "1,2";
				TEST_HOST = "$(BUILT_PRODUCTS_DIR)/Motamot.app/Motamot";
			};
			name = Release;
		};
/* End XCBuildConfiguration section */

/* Begin XCConfigurationList section */
		94A37CEF28900CD600F92D80 /* Build configuration list for PBXProject "Motamot" */ = {
			isa = XCConfigurationList;
			buildConfigurations = (
				94A37D1F28900CD800F92D80 /* Debug */,
				94A37D2028900CD800F92D80 /* Release */,
			);
			defaultConfigurationIsVisible = 0;
			defaultConfigurationName = Release;
		};
		94A37D2128900CD800F92D80 /* Build configuration list for PBXNativeTarget "Motamot" */ = {
			isa = XCConfigurationList;
			buildConfigurations = (
				94A37D2228900CD800F92D80 /* Debug */,
				94A37D2328900CD800F92D80 /* Release */,
			);
			defaultConfigurationIsVisible = 0;
			defaultConfigurationName = Release;
		};
		94A37D2428900CD800F92D80 /* Build configuration list for PBXNativeTarget "MotamotTests" */ = {
			isa = XCConfigurationList;
			buildConfigurations = (
				94A37D2528900CD800F92D80 /* Debug */,
				94A37D2628900CD800F92D80 /* Release */,
			);
			defaultConfigurationIsVisible = 0;
			defaultConfigurationName = Release;
		};
/* End XCConfigurationList section */

/* Begin XCVersionGroup section */
		94A37D0028900CD600F92D80 /* Motamot.xcdatamodeld */ = {
			isa = XCVersionGroup;
			children = (
				94A37D0128900CD600F92D80 /* Motamot.xcdatamodel */,
			);
			currentVersion = 94A37D0128900CD600F92D80 /* Motamot.xcdatamodel */;
			path = Motamot.xcdatamodeld;
			sourceTree = "<group>";
			versionGroupType = wrapper.xcdatamodel;
		};
/* End XCVersionGroup section */
	};
	rootObject = 94A37CEC28900CD600F92D80 /* Project object */;
}
